
Microsoft Visual Studio Solution File, Format Version 12.00
# Visual Studio Version 17
VisualStudioVersion = 17.0.32112.339
MinimumVisualStudioVersion = 10.0.40219.1
Project("{FAE04EC0-301F-11D3-BF4B-00C04F79EFBC}") = "Academy-2022", "Academy-2022\Academy-2022.csproj", "{58D8C3D4-C4B4-4EB8-B129-71BA5F481026}"
EndProject
Global
	GlobalSection(SolutionConfigurationPlatforms) = preSolution
		Debug|Any CPU = Debug|Any CPU
		Release|Any CPU = Release|Any CPU
	EndGlobalSection
	GlobalSection(ProjectConfigurationPlatforms) = postSolution
		{58D8C3D4-C4B4-4EB8-B129-71BA5F481026}.Debug|Any CPU.ActiveCfg = Debug|Any CPU
		{58D8C3D4-C4B4-4EB8-B129-71BA5F481026}.Debug|Any CPU.Build.0 = Debug|Any CPU
		{58D8C3D4-C4B4-4EB8-B129-71BA5F481026}.Release|Any CPU.ActiveCfg = Release|Any CPU
		{58D8C3D4-C4B4-4EB8-B129-71BA5F481026}.Release|Any CPU.Build.0 = Release|Any CPU
	EndGlobalSection
	GlobalSection(SolutionProperties) = preSolution
		HideSolutionNode = FALSE
	EndGlobalSection
	GlobalSection(ExtensibilityGlobals) = postSolution
		SolutionGuid = {0A2326E7-3E85-4422-ACD4-2D42F6F99669}
	EndGlobalSection
EndGlobal
